lockfileVersion: '9.0'

settings:
  autoInstallPeers: true
  excludeLinksFromLockfile: false

importers:

  .:
    dependencies:
      simplex-noise:
        specifier: ^4.0.3
        version: 4.0.3

packages:

  simplex-noise@4.0.3:
    resolution: {integrity: sha512-qSE2I4AngLQG7BXqoZj51jokT4WUXe8mOBrvfOXpci8+6Yu44+/dD5zqDpOx3Ux792eamTd2lLcI8jqFntk/lg==}

snapshots:

  simplex-noise@4.0.3: {}
